// !$*UTF8*$!
{
	archiveVersion = 1;
	classes = {
	};
	objectVersion = 48;
	objects = {

/* Begin PBXBuildFile section */
		6913C3CB1FE0BF16006483C1 /* AppDelegate.swift in Sources */ = {isa = PBXBuildFile; fileRef = 6913C3CA1FE0BF16006483C1 /* AppDelegate.swift */; };
		6913C3CD1FE0BF16006483C1 /* ViewController.swift in Sources */ = {isa = PBXBuildFile; fileRef = 6913C3CC1FE0BF16006483C1 /* ViewController.swift */; };
		6913C3CF1FE0BF16006483C1 /* Assets.xcassets in Resources */ = {isa = PBXBuildFile; fileRef = 6913C3CE1FE0BF16006483C1 /* Assets.xcassets */; };
		6913C3D21FE0BF16006483C1 /* Main.storyboard in Resources */ = {isa = PBXBuildFile; fileRef = 6913C3D01FE0BF16006483C1 /* Main.storyboard */; };
		6913C3D81FE0BF32006483C1 /* ObjectMapper.framework in Frameworks */ = {isa = PBXBuildFile; fileRef = 693A35B71FC6A16E007FDE26 /* ObjectMapper.framework */; };
		6913C3D91FE0BF32006483C1 /* ObjectMapper.framework in Embed Frameworks */ = {isa = PBXBuildFile; fileRef = 693A35B71FC6A16E007FDE26 /* ObjectMapper.framework */; settings = {ATTRIBUTES = (CodeSignOnCopy, RemoveHeadersOnCopy, ); }; };
		6913C3DA1FE0BF32006483C1 /* Xcon.framework in Frameworks */ = {isa = PBXBuildFile; fileRef = 693A35B31FC6A040007FDE26 /* Xcon.framework */; };
		6913C3DB1FE0BF32006483C1 /* Xcon.framework in Embed Frameworks */ = {isa = PBXBuildFile; fileRef = 693A35B31FC6A040007FDE26 /* Xcon.framework */; settings = {ATTRIBUTES = (CodeSignOnCopy, RemoveHeadersOnCopy, ); }; };
		6913C3DC1FE0BF32006483C1 /* MMDB.framework in Frameworks */ = {isa = PBXBuildFile; fileRef = 693A35A71FC69D28007FDE26 /* MMDB.framework */; };
		6913C3DD1FE0BF32006483C1 /* MMDB.framework in Embed Frameworks */ = {isa = PBXBuildFile; fileRef = 693A35A71FC69D28007FDE26 /* MMDB.framework */; settings = {ATTRIBUTES = (CodeSignOnCopy, RemoveHeadersOnCopy, ); }; };
		6913C3DE1FE0BF32006483C1 /* AxLogger.framework in Frameworks */ = {isa = PBXBuildFile; fileRef = 693A359B1FC69C1D007FDE26 /* AxLogger.framework */; };
		6913C3DF1FE0BF32006483C1 /* AxLogger.framework in Embed Frameworks */ = {isa = PBXBuildFile; fileRef = 693A359B1FC69C1D007FDE26 /* AxLogger.framework */; settings = {ATTRIBUTES = (CodeSignOnCopy, RemoveHeadersOnCopy, ); }; };
		6913C3E01FE0BF32006483C1 /* SwiftyJSON.framework in Frameworks */ = {isa = PBXBuildFile; fileRef = 693A359C1FC69C1E007FDE26 /* SwiftyJSON.framework */; };
		6913C3E11FE0BF32006483C1 /* SwiftyJSON.framework in Embed Frameworks */ = {isa = PBXBuildFile; fileRef = 693A359C1FC69C1E007FDE26 /* SwiftyJSON.framework */; settings = {ATTRIBUTES = (CodeSignOnCopy, RemoveHeadersOnCopy, ); }; };
		6913C3E41FE0BF3E006483C1 /* XRuler.framework in Frameworks */ = {isa = PBXBuildFile; fileRef = 693A358E1FC69B47007FDE26 /* XRuler.framework */; };
		6913C3E61FE0BF94006483C1 /* XSocket.framework in Frameworks */ = {isa = PBXBuildFile; fileRef = 6913C3E51FE0BF94006483C1 /* XSocket.framework */; };
		6913C3E81FE0BF9C006483C1 /* XSocket.framework in Frameworks */ = {isa = PBXBuildFile; fileRef = 6913C3E51FE0BF94006483C1 /* XSocket.framework */; };
		6913C3E91FE0BF9C006483C1 /* XSocket.framework in Embed Frameworks */ = {isa = PBXBuildFile; fileRef = 6913C3E51FE0BF94006483C1 /* XSocket.framework */; settings = {ATTRIBUTES = (CodeSignOnCopy, RemoveHeadersOnCopy, ); }; };
		6913C3EA1FE0BFC3006483C1 /* XSocket.framework in Frameworks */ = {isa = PBXBuildFile; fileRef = 6913C3E51FE0BF94006483C1 /* XSocket.framework */; };
		6913C3ED1FE0BFEB006483C1 /* CocoaAsyncSocket.framework in Frameworks */ = {isa = PBXBuildFile; fileRef = 6913C3EC1FE0BFEA006483C1 /* CocoaAsyncSocket.framework */; };
		6913C3EE1FE0BFEB006483C1 /* CocoaAsyncSocket.framework in Frameworks */ = {isa = PBXBuildFile; fileRef = 6913C3EC1FE0BFEA006483C1 /* CocoaAsyncSocket.framework */; };
		6913C3F01FE0BFEE006483C1 /* CocoaAsyncSocket.framework in Embed Frameworks */ = {isa = PBXBuildFile; fileRef = 6913C3EC1FE0BFEA006483C1 /* CocoaAsyncSocket.framework */; settings = {ATTRIBUTES = (CodeSignOnCopy, RemoveHeadersOnCopy, ); }; };
		6913C3F21FE0C012006483C1 /* IDZSwiftCommonCrypto.framework in Frameworks */ = {isa = PBXBuildFile; fileRef = 6913C3F11FE0C012006483C1 /* IDZSwiftCommonCrypto.framework */; };
		6913C3F31FE0C012006483C1 /* IDZSwiftCommonCrypto.framework in Frameworks */ = {isa = PBXBuildFile; fileRef = 6913C3F11FE0C012006483C1 /* IDZSwiftCommonCrypto.framework */; };
		6913C3F41FE0C016006483C1 /* IDZSwiftCommonCrypto.framework in Frameworks */ = {isa = PBXBuildFile; fileRef = 6913C3F11FE0C012006483C1 /* IDZSwiftCommonCrypto.framework */; };
		6913C3F51FE0C016006483C1 /* IDZSwiftCommonCrypto.framework in Embed Frameworks */ = {isa = PBXBuildFile; fileRef = 6913C3F11FE0C012006483C1 /* IDZSwiftCommonCrypto.framework */; settings = {ATTRIBUTES = (CodeSignOnCopy, RemoveHeadersOnCopy, ); }; };
		6913C3F71FE0C03C006483C1 /* Crypto.framework in Frameworks */ = {isa = PBXBuildFile; fileRef = 6913C3F61FE0C03C006483C1 /* Crypto.framework */; };
		6913C3F81FE0C03C006483C1 /* Crypto.framework in Frameworks */ = {isa = PBXBuildFile; fileRef = 6913C3F61FE0C03C006483C1 /* Crypto.framework */; };
		6913C3F91FE0C041006483C1 /* Crypto.framework in Frameworks */ = {isa = PBXBuildFile; fileRef = 6913C3F61FE0C03C006483C1 /* Crypto.framework */; };
		6913C3FA1FE0C041006483C1 /* Crypto.framework in Embed Frameworks */ = {isa = PBXBuildFile; fileRef = 6913C3F61FE0C03C006483C1 /* Crypto.framework */; settings = {ATTRIBUTES = (CodeSignOnCopy, RemoveHeadersOnCopy, ); }; };
		6913C3FC1FE0C06A006483C1 /* CommonCrypto.framework in Frameworks */ = {isa = PBXBuildFile; fileRef = 6913C3FB1FE0C069006483C1 /* CommonCrypto.framework */; };
		6913C3FE1FE0C06E006483C1 /* CommonCrypto.framework in Frameworks */ = {isa = PBXBuildFile; fileRef = 6913C3FB1FE0C069006483C1 /* CommonCrypto.framework */; };
		6913C3FF1FE0C06E006483C1 /* CommonCrypto.framework in Embed Frameworks */ = {isa = PBXBuildFile; fileRef = 6913C3FB1FE0C069006483C1 /* CommonCrypto.framework */; settings = {ATTRIBUTES = (CodeSignOnCopy, RemoveHeadersOnCopy, ); }; };
		6913C4001FE0C119006483C1 /* CommonCrypto.framework in Frameworks */ = {isa = PBXBuildFile; fileRef = 6913C3FB1FE0C069006483C1 /* CommonCrypto.framework */; };
		6913C4031FE0C220006483C1 /* kcp.framework in Frameworks */ = {isa = PBXBuildFile; fileRef = 6913C4021FE0C21F006483C1 /* kcp.framework */; };
		6913C4041FE0C220006483C1 /* kcp.framework in Frameworks */ = {isa = PBXBuildFile; fileRef = 6913C4021FE0C21F006483C1 /* kcp.framework */; };
		6913C4051FE0C225006483C1 /* kcp.framework in Frameworks */ = {isa = PBXBuildFile; fileRef = 6913C4021FE0C21F006483C1 /* kcp.framework */; };
		6913C4061FE0C225006483C1 /* kcp.framework in Embed Frameworks */ = {isa = PBXBuildFile; fileRef = 6913C4021FE0C21F006483C1 /* kcp.framework */; settings = {ATTRIBUTES = (CodeSignOnCopy, RemoveHeadersOnCopy, ); }; };
		6913C4081FE0CA94006483C1 /* Sodium.framework in Frameworks */ = {isa = PBXBuildFile; fileRef = 6913C4071FE0CA94006483C1 /* Sodium.framework */; };
		6913C4091FE0CA94006483C1 /* Sodium.framework in Frameworks */ = {isa = PBXBuildFile; fileRef = 6913C4071FE0CA94006483C1 /* Sodium.framework */; };
		6913C40A1FE0CA98006483C1 /* Sodium.framework in Frameworks */ = {isa = PBXBuildFile; fileRef = 6913C4071FE0CA94006483C1 /* Sodium.framework */; };
		6913C40B1FE0CA98006483C1 /* Sodium.framework in Embed Frameworks */ = {isa = PBXBuildFile; fileRef = 6913C4071FE0CA94006483C1 /* Sodium.framework */; settings = {ATTRIBUTES = (CodeSignOnCopy, RemoveHeadersOnCopy, ); }; };
		693A35931FC69B47007FDE26 /* XRuler.h in Headers */ = {isa = PBXBuildFile; fileRef = 693A35911FC69B47007FDE26 /* XRuler.h */; settings = {ATTRIBUTES = (Public, ); }; };
		693A359A1FC69B63007FDE26 /* SFSettingModule.swift in Sources */ = {isa = PBXBuildFile; fileRef = 693A35991FC69B63007FDE26 /* SFSettingModule.swift */; };
		693A359D1FC69C1E007FDE26 /* AxLogger.framework in Frameworks */ = {isa = PBXBuildFile; fileRef = 693A359B1FC69C1D007FDE26 /* AxLogger.framework */; };
		693A359E1FC69C1E007FDE26 /* SwiftyJSON.framework in Frameworks */ = {isa = PBXBuildFile; fileRef = 693A359C1FC69C1E007FDE26 /* SwiftyJSON.framework */; };
		693A35A01FC69C38007FDE26 /* SFRuler.swift in Sources */ = {isa = PBXBuildFile; fileRef = 693A359F1FC69C38007FDE26 /* SFRuler.swift */; };
		693A35A21FC69C7F007FDE26 /* ext.swift in Sources */ = {isa = PBXBuildFile; fileRef = 693A35A11FC69C7F007FDE26 /* ext.swift */; };
		693A35A41FC69C9C007FDE26 /* DNSCache.swift in Sources */ = {isa = PBXBuildFile; fileRef = 693A35A31FC69C9C007FDE26 /* DNSCache.swift */; };
		693A35A61FC69CCA007FDE26 /* SFRule.swift in Sources */ = {isa = PBXBuildFile; fileRef = 693A35A51FC69CCA007FDE26 /* SFRule.swift */; };
		693A35A81FC69D28007FDE26 /* MMDB.framework in Frameworks */ = {isa = PBXBuildFile; fileRef = 693A35A71FC69D28007FDE26 /* MMDB.framework */; };
		693A35AA1FC69D43007FDE26 /* SFConfig.swift in Sources */ = {isa = PBXBuildFile; fileRef = 693A35A91FC69D43007FDE26 /* SFConfig.swift */; };
		693A35AC1FC69D5D007FDE26 /* XRuler.swift in Sources */ = {isa = PBXBuildFile; fileRef = 693A35AB1FC69D5D007FDE26 /* XRuler.swift */; };
		693A35AE1FC69DAC007FDE26 /* General.swift in Sources */ = {isa = PBXBuildFile; fileRef = 693A35AD1FC69DAC007FDE26 /* General.swift */; };
		693A35B41FC6A040007FDE26 /* Xcon.framework in Frameworks */ = {isa = PBXBuildFile; fileRef = 693A35B31FC6A040007FDE26 /* Xcon.framework */; };
		693A35B61FC6A11D007FDE26 /* SFRuleResult.swift in Sources */ = {isa = PBXBuildFile; fileRef = 693A35B51FC6A11D007FDE26 /* SFRuleResult.swift */; };
		693A35B81FC6A16E007FDE26 /* ObjectMapper.framework in Frameworks */ = {isa = PBXBuildFile; fileRef = 693A35B71FC6A16E007FDE26 /* ObjectMapper.framework */; };
		693A35BA1FC6A297007FDE26 /* ProxyGroupSettings.swift in Sources */ = {isa = PBXBuildFile; fileRef = 693A35B91FC6A297007FDE26 /* ProxyGroupSettings.swift */; };
		693A35D91FC6B207007FDE26 /* State.swift in Sources */ = {isa = PBXBuildFile; fileRef = 693A35D81FC6B207007FDE26 /* State.swift */; };
		693A35DB1FC6B305007FDE26 /* Flow.swift in Sources */ = {isa = PBXBuildFile; fileRef = 693A35DA1FC6B305007FDE26 /* Flow.swift */; };
/* End PBXBuildFile section */

/* Begin PBXCopyFilesBuildPhase section */
		6913C3E21FE0BF32006483C1 /* Embed Frameworks */ = {
			isa = PBXCopyFilesBuildPhase;
			buildActionMask = 2147483647;
			dstPath = "";
			dstSubfolderSpec = 10;
			files = (
				6913C3FA1FE0C041006483C1 /* Crypto.framework in Embed Frameworks */,
				6913C40B1FE0CA98006483C1 /* Sodium.framework in Embed Frameworks */,
				6913C3F51FE0C016006483C1 /* IDZSwiftCommonCrypto.framework in Embed Frameworks */,
				6913C3F01FE0BFEE006483C1 /* CocoaAsyncSocket.framework in Embed Frameworks */,
				6913C3DB1FE0BF32006483C1 /* Xcon.framework in Embed Frameworks */,
				6913C3DD1FE0BF32006483C1 /* MMDB.framework in Embed Frameworks */,
				6913C4061FE0C225006483C1 /* kcp.framework in Embed Frameworks */,
				6913C3E91FE0BF9C006483C1 /* XSocket.framework in Embed Frameworks */,
				6913C3D91FE0BF32006483C1 /* ObjectMapper.framework in Embed Frameworks */,
				6913C3DF1FE0BF32006483C1 /* AxLogger.framework in Embed Frameworks */,
				6913C3FF1FE0C06E006483C1 /* CommonCrypto.framework in Embed Frameworks */,
				6913C3E11FE0BF32006483C1 /* SwiftyJSON.framework in Embed Frameworks */,
			);
			name = "Embed Frameworks";
			runOnlyForDeploymentPostprocessing = 0;
		};
/* End PBXCopyFilesBuildPhase section */

/* Begin PBXFileReference section */
		6913C3C81FE0BF16006483C1 /* macTest.app */ = {isa = PBXFileReference; explicitFileType = wrapper.application; includeInIndex = 0; path = macTest.app; sourceTree = BUILT_PRODUCTS_DIR; };
		6913C3CA1FE0BF16006483C1 /* AppDelegate.swift */ = {isa = PBXFileReference; lastKnownFileType = sourcecode.swift; path = AppDelegate.swift; sourceTree = "<group>"; };
		6913C3CC1FE0BF16006483C1 /* ViewController.swift */ = {isa = PBXFileReference; lastKnownFileType = sourcecode.swift; path = ViewController.swift; sourceTree = "<group>"; };
		6913C3CE1FE0BF16006483C1 /* Assets.xcassets */ = {isa = PBXFileReference; lastKnownFileType = folder.assetcatalog; path = Assets.xcassets; sourceTree = "<group>"; };
		6913C3D11FE0BF16006483C1 /* Base */ = {isa = PBXFileReference; lastKnownFileType = file.storyboard; name = Base; path = Base.lproj/Main.storyboard; sourceTree = "<group>"; };
		6913C3D31FE0BF16006483C1 /* Info.plist */ = {isa = PBXFileReference; lastKnownFileType = text.plist.xml; path = Info.plist; sourceTree = "<group>"; };
		6913C3D41FE0BF16006483C1 /* macTest.entitlements */ = {isa = PBXFileReference; lastKnownFileType = text.plist.entitlements; path = macTest.entitlements; sourceTree = "<group>"; };
		6913C3E51FE0BF94006483C1 /* XSocket.framework */ = {isa = PBXFileReference; lastKnownFileType = wrapper.framework; name = XSocket.framework; path = Carthage/Build/Mac/XSocket.framework; sourceTree = SOURCE_ROOT; };
		6913C3EC1FE0BFEA006483C1 /* CocoaAsyncSocket.framework */ = {isa = PBXFileReference; lastKnownFileType = wrapper.framework; name = CocoaAsyncSocket.framework; path = Carthage/Build/Mac/CocoaAsyncSocket.framework; sourceTree = SOURCE_ROOT; };
		6913C3F11FE0C012006483C1 /* IDZSwiftCommonCrypto.framework */ = {isa = PBXFileReference; lastKnownFileType = wrapper.framework; name = IDZSwiftCommonCrypto.framework; path = Carthage/Build/Mac/IDZSwiftCommonCrypto.framework; sourceTree = SOURCE_ROOT; };
		6913C3F61FE0C03C006483C1 /* Crypto.framework */ = {isa = PBXFileReference; lastKnownFileType = wrapper.framework; name = Crypto.framework; path = Carthage/Build/Mac/Crypto.framework; sourceTree = SOURCE_ROOT; };
		6913C3FB1FE0C069006483C1 /* CommonCrypto.framework */ = {isa = PBXFileReference; lastKnownFileType = wrapper.framework; name = CommonCrypto.framework; path = Carthage/Build/Mac/CommonCrypto.framework; sourceTree = SOURCE_ROOT; };
		6913C4021FE0C21F006483C1 /* kcp.framework */ = {isa = PBXFileReference; lastKnownFileType = wrapper.framework; name = kcp.framework; path = Carthage/Build/Mac/kcp.framework; sourceTree = SOURCE_ROOT; };
		6913C4071FE0CA94006483C1 /* Sodium.framework */ = {isa = PBXFileReference; lastKnownFileType = wrapper.framework; name = Sodium.framework; path = Carthage/Build/Mac/Sodium.framework; sourceTree = SOURCE_ROOT; };
		693A358E1FC69B47007FDE26 /* XRuler.framework */ = {isa = PBXFileReference; explicitFileType = wrapper.framework; includeInIndex = 0; path = XRuler.framework; sourceTree = BUILT_PRODUCTS_DIR; };
		693A35911FC69B47007FDE26 /* XRuler.h */ = {isa = PBXFileReference; lastKnownFileType = sourcecode.c.h; path = XRuler.h; sourceTree = "<group>"; };
		693A35921FC69B47007FDE26 /* Info.plist */ = {isa = PBXFileReference; lastKnownFileType = text.plist.xml; path = Info.plist; sourceTree = "<group>"; };
		693A35991FC69B63007FDE26 /* SFSettingModule.swift */ = {isa = PBXFileReference; fileEncoding = 4; lastKnownFileType = sourcecode.swift; path = SFSettingModule.swift; sourceTree = "<group>"; };
		693A359B1FC69C1D007FDE26 /* AxLogger.framework */ = {isa = PBXFileReference; lastKnownFileType = wrapper.framework; name = AxLogger.framework; path = Carthage/Build/Mac/AxLogger.framework; sourceTree = SOURCE_ROOT; };
		693A359C1FC69C1E007FDE26 /* SwiftyJSON.framework */ = {isa = PBXFileReference; lastKnownFileType = wrapper.framework; name = SwiftyJSON.framework; path = Carthage/Build/Mac/SwiftyJSON.framework; sourceTree = SOURCE_ROOT; };
		693A359F1FC69C38007FDE26 /* SFRuler.swift */ = {isa = PBXFileReference; fileEncoding = 4; lastKnownFileType = sourcecode.swift; path = SFRuler.swift; sourceTree = "<group>"; };
		693A35A11FC69C7F007FDE26 /* ext.swift */ = {isa = PBXFileReference; lastKnownFileType = sourcecode.swift; path = ext.swift; sourceTree = "<group>"; };
		693A35A31FC69C9C007FDE26 /* DNSCache.swift */ = {isa = PBXFileReference; fileEncoding = 4; lastKnownFileType = sourcecode.swift; path = DNSCache.swift; sourceTree = "<group>"; };
		693A35A51FC69CCA007FDE26 /* SFRule.swift */ = {isa = PBXFileReference; fileEncoding = 4; lastKnownFileType = sourcecode.swift; path = SFRule.swift; sourceTree = "<group>"; };
		693A35A71FC69D28007FDE26 /* MMDB.framework */ = {isa = PBXFileReference; lastKnownFileType = wrapper.framework; name = MMDB.framework; path = Carthage/Build/Mac/MMDB.framework; sourceTree = SOURCE_ROOT; };
		693A35A91FC69D43007FDE26 /* SFConfig.swift */ = {isa = PBXFileReference; fileEncoding = 4; lastKnownFileType = sourcecode.swift; path = SFConfig.swift; sourceTree = "<group>"; };
		693A35AB1FC69D5D007FDE26 /* XRuler.swift */ = {isa = PBXFileReference; lastKnownFileType = sourcecode.swift; path = XRuler.swift; sourceTree = "<group>"; };
		693A35AD1FC69DAC007FDE26 /* General.swift */ = {isa = PBXFileReference; fileEncoding = 4; lastKnownFileType = sourcecode.swift; path = General.swift; sourceTree = "<group>"; };
		693A35B31FC6A040007FDE26 /* Xcon.framework */ = {isa = PBXFileReference; lastKnownFileType = wrapper.framework; name = Xcon.framework; path = Carthage/Build/Mac/Xcon.framework; sourceTree = SOURCE_ROOT; };
		693A35B51FC6A11D007FDE26 /* SFRuleResult.swift */ = {isa = PBXFileReference; fileEncoding = 4; lastKnownFileType = sourcecode.swift; path = SFRuleResult.swift; sourceTree = "<group>"; };
		693A35B71FC6A16E007FDE26 /* ObjectMapper.framework */ = {isa = PBXFileReference; lastKnownFileType = wrapper.framework; name = ObjectMapper.framework; path = Carthage/Build/Mac/ObjectMapper.framework; sourceTree = SOURCE_ROOT; };
		693A35B91FC6A297007FDE26 /* ProxyGroupSettings.swift */ = {isa = PBXFileReference; fileEncoding = 4; lastKnownFileType = sourcecode.swift; path = ProxyGroupSettings.swift; sourceTree = "<group>"; };
		693A35D81FC6B207007FDE26 /* State.swift */ = {isa = PBXFileReference; lastKnownFileType = sourcecode.swift; path = State.swift; sourceTree = "<group>"; };
		693A35DA1FC6B305007FDE26 /* Flow.swift */ = {isa = PBXFileReference; fileEncoding = 4; lastKnownFileType = sourcecode.swift; path = Flow.swift; sourceTree = "<group>"; };
/* End PBXFileReference section */

/* Begin PBXFrameworksBuildPhase section */
		6913C3C51FE0BF16006483C1 /* Frameworks */ = {
			isa = PBXFrameworksBuildPhase;
			buildActionMask = 2147483647;
			files = (
				6913C3EE1FE0BFEB006483C1 /* CocoaAsyncSocket.framework in Frameworks */,
				6913C3E41FE0BF3E006483C1 /* XRuler.framework in Frameworks */,
				6913C3F31FE0C012006483C1 /* IDZSwiftCommonCrypto.framework in Frameworks */,
				6913C3F81FE0C03C006483C1 /* Crypto.framework in Frameworks */,
				6913C3F41FE0C016006483C1 /* IDZSwiftCommonCrypto.framework in Frameworks */,
				6913C3DA1FE0BF32006483C1 /* Xcon.framework in Frameworks */,
				6913C40A1FE0CA98006483C1 /* Sodium.framework in Frameworks */,
				6913C4001FE0C119006483C1 /* CommonCrypto.framework in Frameworks */,
				6913C4051FE0C225006483C1 /* kcp.framework in Frameworks */,
				6913C4041FE0C220006483C1 /* kcp.framework in Frameworks */,
				6913C3F91FE0C041006483C1 /* Crypto.framework in Frameworks */,
				6913C3EA1FE0BFC3006483C1 /* XSocket.framework in Frameworks */,
				6913C3DC1FE0BF32006483C1 /* MMDB.framework in Frameworks */,
				6913C3D81FE0BF32006483C1 /* ObjectMapper.framework in Frameworks */,
				6913C4091FE0CA94006483C1 /* Sodium.framework in Frameworks */,
				6913C3DE1FE0BF32006483C1 /* AxLogger.framework in Frameworks */,
				6913C3FE1FE0C06E006483C1 /* CommonCrypto.framework in Frameworks */,
				6913C3E01FE0BF32006483C1 /* SwiftyJSON.framework in Frameworks */,
				6913C3E81FE0BF9C006483C1 /* XSocket.framework in Frameworks */,
			);
			runOnlyForDeploymentPostprocessing = 0;
		};
		693A358A1FC69B47007FDE26 /* Frameworks */ = {
			isa = PBXFrameworksBuildPhase;
			buildActionMask = 2147483647;
			files = (
				6913C3F71FE0C03C006483C1 /* Crypto.framework in Frameworks */,
				6913C4081FE0CA94006483C1 /* Sodium.framework in Frameworks */,
				6913C3F21FE0C012006483C1 /* IDZSwiftCommonCrypto.framework in Frameworks */,
				6913C3ED1FE0BFEB006483C1 /* CocoaAsyncSocket.framework in Frameworks */,
				693A359E1FC69C1E007FDE26 /* SwiftyJSON.framework in Frameworks */,
				693A35A81FC69D28007FDE26 /* MMDB.framework in Frameworks */,
				6913C4031FE0C220006483C1 /* kcp.framework in Frameworks */,
				6913C3E61FE0BF94006483C1 /* XSocket.framework in Frameworks */,
				693A35B81FC6A16E007FDE26 /* ObjectMapper.framework in Frameworks */,
				693A35B41FC6A040007FDE26 /* Xcon.framework in Frameworks */,
				6913C3FC1FE0C06A006483C1 /* CommonCrypto.framework in Frameworks */,
				693A359D1FC69C1E007FDE26 /* AxLogger.framework in Frameworks */,
			);
			runOnlyForDeploymentPostprocessing = 0;
		};
/* End PBXFrameworksBuildPhase section */

/* Begin PBXGroup section */
		6913C3C91FE0BF16006483C1 /* macTest */ = {
			isa = PBXGroup;
			children = (
				6913C3CA1FE0BF16006483C1 /* AppDelegate.swift */,
				6913C3CC1FE0BF16006483C1 /* ViewController.swift */,
				6913C3CE1FE0BF16006483C1 /* Assets.xcassets */,
				6913C3D01FE0BF16006483C1 /* Main.storyboard */,
				6913C3D31FE0BF16006483C1 /* Info.plist */,
				6913C3D41FE0BF16006483C1 /* macTest.entitlements */,
			);
			path = macTest;
			sourceTree = "<group>";
		};
		6913C3E31FE0BF3E006483C1 /* Frameworks */ = {
			isa = PBXGroup;
			children = (
			);
			name = Frameworks;
			sourceTree = "<group>";
		};
		693A35841FC69B47007FDE26 = {
			isa = PBXGroup;
			children = (
				693A35901FC69B47007FDE26 /* XRuler */,
				6913C3C91FE0BF16006483C1 /* macTest */,
				693A358F1FC69B47007FDE26 /* Products */,
				6913C3E31FE0BF3E006483C1 /* Frameworks */,
			);
			sourceTree = "<group>";
		};
		693A358F1FC69B47007FDE26 /* Products */ = {
			isa = PBXGroup;
			children = (
				693A358E1FC69B47007FDE26 /* XRuler.framework */,
				6913C3C81FE0BF16006483C1 /* macTest.app */,
			);
			name = Products;
			sourceTree = "<group>";
		};
		693A35901FC69B47007FDE26 /* XRuler */ = {
			isa = PBXGroup;
			children = (
				6913C4071FE0CA94006483C1 /* Sodium.framework */,
				6913C4021FE0C21F006483C1 /* kcp.framework */,
				6913C3FB1FE0C069006483C1 /* CommonCrypto.framework */,
				6913C3F61FE0C03C006483C1 /* Crypto.framework */,
				6913C3F11FE0C012006483C1 /* IDZSwiftCommonCrypto.framework */,
				6913C3EC1FE0BFEA006483C1 /* CocoaAsyncSocket.framework */,
				6913C3E51FE0BF94006483C1 /* XSocket.framework */,
				693A35B71FC6A16E007FDE26 /* ObjectMapper.framework */,
				693A35B31FC6A040007FDE26 /* Xcon.framework */,
				693A35A71FC69D28007FDE26 /* MMDB.framework */,
				693A359B1FC69C1D007FDE26 /* AxLogger.framework */,
				693A359C1FC69C1E007FDE26 /* SwiftyJSON.framework */,
				693A35991FC69B63007FDE26 /* SFSettingModule.swift */,
				693A35AD1FC69DAC007FDE26 /* General.swift */,
				693A35B51FC6A11D007FDE26 /* SFRuleResult.swift */,
				693A35D81FC6B207007FDE26 /* State.swift */,
				693A35DA1FC6B305007FDE26 /* Flow.swift */,
				693A35AB1FC69D5D007FDE26 /* XRuler.swift */,
				693A359F1FC69C38007FDE26 /* SFRuler.swift */,
				693A35A91FC69D43007FDE26 /* SFConfig.swift */,
				693A35A31FC69C9C007FDE26 /* DNSCache.swift */,
				693A35A51FC69CCA007FDE26 /* SFRule.swift */,
				693A35A11FC69C7F007FDE26 /* ext.swift */,
				693A35B91FC6A297007FDE26 /* ProxyGroupSettings.swift */,
				693A35911FC69B47007FDE26 /* XRuler.h */,
				693A35921FC69B47007FDE26 /* Info.plist */,
			);
			path = XRuler;
			sourceTree = "<group>";
		};
/* End PBXGroup section */

/* Begin PBXHeadersBuildPhase section */
		693A358B1FC69B47007FDE26 /* Headers */ = {
			isa = PBXHeadersBuildPhase;
			buildActionMask = 2147483647;
			files = (
				693A35931FC69B47007FDE26 /* XRuler.h in Headers */,
			);
			runOnlyForDeploymentPostprocessing = 0;
		};
/* End PBXHeadersBuildPhase section */

/* Begin PBXNativeTarget section */
		6913C3C71FE0BF16006483C1 /* macTest */ = {
			isa = PBXNativeTarget;
			buildConfigurationList = 6913C3D71FE0BF16006483C1 /* Build configuration list for PBXNativeTarget "macTest" */;
			buildPhases = (
				6913C3C41FE0BF16006483C1 /* Sources */,
				6913C3C51FE0BF16006483C1 /* Frameworks */,
				6913C3C61FE0BF16006483C1 /* Resources */,
				6913C3E21FE0BF32006483C1 /* Embed Frameworks */,
			);
			buildRules = (
			);
			dependencies = (
			);
			name = macTest;
			productName = macTest;
			productReference = 6913C3C81FE0BF16006483C1 /* macTest.app */;
			productType = "com.apple.product-type.application";
		};
		693A358D1FC69B47007FDE26 /* XRuler */ = {
			isa = PBXNativeTarget;
			buildConfigurationList = 693A35961FC69B47007FDE26 /* Build configuration list for PBXNativeTarget "XRuler" */;
			buildPhases = (
				693A35891FC69B47007FDE26 /* Sources */,
				693A358A1FC69B47007FDE26 /* Frameworks */,
				693A358B1FC69B47007FDE26 /* Headers */,
				693A358C1FC69B47007FDE26 /* Resources */,
			);
			buildRules = (
			);
			dependencies = (
			);
			name = XRuler;
			productName = XRuler;
			productReference = 693A358E1FC69B47007FDE26 /* XRuler.framework */;
			productType = "com.apple.product-type.framework";
		};
/* End PBXNativeTarget section */

/* Begin PBXProject section */
		693A35851FC69B47007FDE26 /* Project object */ = {
			isa = PBXProject;
			attributes = {
				LastSwiftUpdateCheck = 0920;
				LastUpgradeCheck = 0910;
				ORGANIZATIONNAME = yarshure;
				TargetAttributes = {
					6913C3C71FE0BF16006483C1 = {
						CreatedOnToolsVersion = 9.2;
						ProvisioningStyle = Automatic;
						SystemCapabilities = {
							com.apple.ApplicationGroups.Mac = {
								enabled = 1;
							};
						};
					};
					693A358D1FC69B47007FDE26 = {
						CreatedOnToolsVersion = 9.1;
						LastSwiftMigration = 0910;
						ProvisioningStyle = Automatic;
					};
				};
			};
			buildConfigurationList = 693A35881FC69B47007FDE26 /* Build configuration list for PBXProject "XRuler" */;
			compatibilityVersion = "Xcode 8.0";
			developmentRegion = en;
			hasScannedForEncodings = 0;
			knownRegions = (
				en,
				Base,
			);
			mainGroup = 693A35841FC69B47007FDE26;
			productRefGroup = 693A358F1FC69B47007FDE26 /* Products */;
			projectDirPath = "";
			projectRoot = "";
			targets = (
				693A358D1FC69B47007FDE26 /* XRuler */,
				6913C3C71FE0BF16006483C1 /* macTest */,
			);
		};
/* End PBXProject section */

/* Begin PBXResourcesBuildPhase section */
		6913C3C61FE0BF16006483C1 /* Resources */ = {
			isa = PBXResourcesBuildPhase;
			buildActionMask = 2147483647;
			files = (
				6913C3CF1FE0BF16006483C1 /* Assets.xcassets in Resources */,
				6913C3D21FE0BF16006483C1 /* Main.storyboard in Resources */,
			);
			runOnlyForDeploymentPostprocessing = 0;
		};
		693A358C1FC69B47007FDE26 /* Resources */ = {
			isa = PBXResourcesBuildPhase;
			buildActionMask = 2147483647;
			files = (
			);
			runOnlyForDeploymentPostprocessing = 0;
		};
/* End PBXResourcesBuildPhase section */

/* Begin PBXSourcesBuildPhase section */
		6913C3C41FE0BF16006483C1 /* Sources */ = {
			isa = PBXSourcesBuildPhase;
			buildActionMask = 2147483647;
			files = (
				6913C3CD1FE0BF16006483C1 /* ViewController.swift in Sources */,
				6913C3CB1FE0BF16006483C1 /* AppDelegate.swift in Sources */,
			);
			runOnlyForDeploymentPostprocessing = 0;
		};
		693A35891FC69B47007FDE26 /* Sources */ = {
			isa = PBXSourcesBuildPhase;
			buildActionMask = 2147483647;
			files = (
				693A35A61FC69CCA007FDE26 /* SFRule.swift in Sources */,
				693A359A1FC69B63007FDE26 /* SFSettingModule.swift in Sources */,
				693A35AA1FC69D43007FDE26 /* SFConfig.swift in Sources */,
				693A35D91FC6B207007FDE26 /* State.swift in Sources */,
				693A35AC1FC69D5D007FDE26 /* XRuler.swift in Sources */,
				693A35A21FC69C7F007FDE26 /* ext.swift in Sources */,
				693A35B61FC6A11D007FDE26 /* SFRuleResult.swift in Sources */,
				693A35A41FC69C9C007FDE26 /* DNSCache.swift in Sources */,
				693A35AE1FC69DAC007FDE26 /* General.swift in Sources */,
				693A35DB1FC6B305007FDE26 /* Flow.swift in Sources */,
				693A35A01FC69C38007FDE26 /* SFRuler.swift in Sources */,
				693A35BA1FC6A297007FDE26 /* ProxyGroupSettings.swift in Sources */,
			);
			runOnlyForDeploymentPostprocessing = 0;
		};
/* End PBXSourcesBuildPhase section */

/* Begin PBXVariantGroup section */
		6913C3D01FE0BF16006483C1 /* Main.storyboard */ = {
			isa = PBXVariantGroup;
			children = (
				6913C3D11FE0BF16006483C1 /* Base */,
			);
			name = Main.storyboard;
			sourceTree = "<group>";
		};
/* End PBXVariantGroup section */

/* Begin XCBuildConfiguration section */
		6913C3D51FE0BF16006483C1 /* Debug */ = {
			isa = XCBuildConfiguration;
			buildSettings = {
				ASSETCATALOG_COMPILER_APPICON_NAME = AppIcon;
				CODE_SIGN_ENTITLEMENTS = macTest/macTest.entitlements;
				CODE_SIGN_STYLE = Automatic;
				COMBINE_HIDPI_IMAGES = YES;
				DEVELOPMENT_TEAM = 745WQDK4L7;
				FRAMEWORK_SEARCH_PATHS = (
					"$(inherited)",
					"$(PROJECT_DIR)/Carthage/Build/Mac",
				);
				INFOPLIST_FILE = macTest/Info.plist;
				LD_RUNPATH_SEARCH_PATHS = "$(inherited) @executable_path/../Frameworks";
				PRODUCT_BUNDLE_IDENTIFIER = com.yarshure.macTest;
				PRODUCT_NAME = "$(TARGET_NAME)";
				SWIFT_VERSION = 4.0;
			};
			name = Debug;
		};
		6913C3D61FE0BF16006483C1 /* Release */ = {
			isa = XCBuildConfiguration;
			buildSettings = {
				ASSETCATALOG_COMPILER_APPICON_NAME = AppIcon;
				CODE_SIGN_ENTITLEMENTS = macTest/macTest.entitlements;
				CODE_SIGN_STYLE = Automatic;
				COMBINE_HIDPI_IMAGES = YES;
				DEVELOPMENT_TEAM = 745WQDK4L7;
				FRAMEWORK_SEARCH_PATHS = (
					"$(inherited)",
					"$(PROJECT_DIR)/Carthage/Build/Mac",
				);
				INFOPLIST_FILE = macTest/Info.plist;
				LD_RUNPATH_SEARCH_PATHS = "$(inherited) @executable_path/../Frameworks";
				PRODUCT_BUNDLE_IDENTIFIER = com.yarshure.macTest;
				PRODUCT_NAME = "$(TARGET_NAME)";
				SWIFT_VERSION = 4.0;
			};
			name = Release;
		};
		693A35941FC69B47007FDE26 /* Debug */ = {
			isa = XCBuildConfiguration;
			buildSettings = {
				ALWAYS_SEARCH_USER_PATHS = NO;
				CLANG_ANALYZER_NONNULL = YES;
				CLANG_ANALYZER_NUMBER_OBJECT_CONVERSION = YES_AGGRESSIVE;
				CLANG_CXX_LANGUAGE_STANDARD = "gnu++14";
				CLANG_CXX_LIBRARY = "libc++";
				CLANG_ENABLE_MODULES = YES;
				CLANG_ENABLE_OBJC_ARC = YES;
				CLANG_WARN_BLOCK_CAPTURE_AUTORELEASING = YES;
				CLANG_WARN_BOOL_CONVERSION = YES;
				CLANG_WARN_COMMA = YES;
				CLANG_WARN_CONSTANT_CONVERSION = YES;
				CLANG_WARN_DIRECT_OBJC_ISA_USAGE = YES_ERROR;
				CLANG_WARN_DOCUMENTATION_COMMENTS = YES;
				CLANG_WARN_EMPTY_BODY = YES;
				CLANG_WARN_ENUM_CONVERSION = YES;
				CLANG_WARN_INFINITE_RECURSION = YES;
				CLANG_WARN_INT_CONVERSION = YES;
				CLANG_WARN_NON_LITERAL_NULL_CONVERSION = YES;
				CLANG_WARN_OBJC_LITERAL_CONVERSION = YES;
				CLANG_WARN_OBJC_ROOT_CLASS = YES_ERROR;
				CLANG_WARN_RANGE_LOOP_ANALYSIS = YES;
				CLANG_WARN_STRICT_PROTOTYPES = YES;
				CLANG_WARN_SUSPICIOUS_MOVE = YES;
				CLANG_WARN_UNGUARDED_AVAILABILITY = YES_AGGRESSIVE;
				CLANG_WARN_UNREACHABLE_CODE = YES;
				CLANG_WARN__DUPLICATE_METHOD_MATCH = YES;
				CODE_SIGN_IDENTITY = "Mac Developer";
				COPY_PHASE_STRIP = NO;
				CURRENT_PROJECT_VERSION = 1;
				DEBUG_INFORMATION_FORMAT = dwarf;
				ENABLE_STRICT_OBJC_MSGSEND = YES;
				ENABLE_TESTABILITY = YES;
				GCC_C_LANGUAGE_STANDARD = gnu11;
				GCC_DYNAMIC_NO_PIC = NO;
				GCC_NO_COMMON_BLOCKS = YES;
				GCC_OPTIMIZATION_LEVEL = 0;
				GCC_PREPROCESSOR_DEFINITIONS = (
					"DEBUG=1",
					"$(inherited)",
				);
				GCC_WARN_64_TO_32_BIT_CONVERSION = YES;
				GCC_WARN_ABOUT_RETURN_TYPE = YES_ERROR;
				GCC_WARN_UNDECLARED_SELECTOR = YES;
				GCC_WARN_UNINITIALIZED_AUTOS = YES_AGGRESSIVE;
				GCC_WARN_UNUSED_FUNCTION = YES;
				GCC_WARN_UNUSED_VARIABLE = YES;
				MACOSX_DEPLOYMENT_TARGET = 10.13;
				MTL_ENABLE_DEBUG_INFO = YES;
				ONLY_ACTIVE_ARCH = YES;
				SDKROOT = macosx;
				SWIFT_ACTIVE_COMPILATION_CONDITIONS = DEBUG;
				SWIFT_OPTIMIZATION_LEVEL = "-Onone";
				VERSIONING_SYSTEM = "apple-generic";
				VERSION_INFO_PREFIX = "";
			};
			name = Debug;
		};
		693A35951FC69B47007FDE26 /* Release */ = {
			isa = XCBuildConfiguration;
			buildSettings = {
				ALWAYS_SEARCH_USER_PATHS = NO;
				CLANG_ANALYZER_NONNULL = YES;
				CLANG_ANALYZER_NUMBER_OBJECT_CONVERSION = YES_AGGRESSIVE;
				CLANG_CXX_LANGUAGE_STANDARD = "gnu++14";
				CLANG_CXX_LIBRARY = "libc++";
				CLANG_ENABLE_MODULES = YES;
				CLANG_ENABLE_OBJC_ARC = YES;
				CLANG_WARN_BLOCK_CAPTURE_AUTORELEASING = YES;
				CLANG_WARN_BOOL_CONVERSION = YES;
				CLANG_WARN_COMMA = YES;
				CLANG_WARN_CONSTANT_CONVERSION = YES;
				CLANG_WARN_DIRECT_OBJC_ISA_USAGE = YES_ERROR;
				CLANG_WARN_DOCUMENTATION_COMMENTS = YES;
				CLANG_WARN_EMPTY_BODY = YES;
				CLANG_WARN_ENUM_CONVERSION = YES;
				CLANG_WARN_INFINITE_RECURSION = YES;
				CLANG_WARN_INT_CONVERSION = YES;
				CLANG_WARN_NON_LITERAL_NULL_CONVERSION = YES;
				CLANG_WARN_OBJC_LITERAL_CONVERSION = YES;
				CLANG_WARN_OBJC_ROOT_CLASS = YES_ERROR;
				CLANG_WARN_RANGE_LOOP_ANALYSIS = YES;
				CLANG_WARN_STRICT_PROTOTYPES = YES;
				CLANG_WARN_SUSPICIOUS_MOVE = YES;
				CLANG_WARN_UNGUARDED_AVAILABILITY = YES_AGGRESSIVE;
				CLANG_WARN_UNREACHABLE_CODE = YES;
				CLANG_WARN__DUPLICATE_METHOD_MATCH = YES;
				CODE_SIGN_IDENTITY = "Mac Developer";
				COPY_PHASE_STRIP = NO;
				CURRENT_PROJECT_VERSION = 1;
				DEBUG_INFORMATION_FORMAT = "dwarf-with-dsym";
				ENABLE_NS_ASSERTIONS = NO;
				ENABLE_STRICT_OBJC_MSGSEND = YES;
				GCC_C_LANGUAGE_STANDARD = gnu11;
				GCC_NO_COMMON_BLOCKS = YES;
				GCC_WARN_64_TO_32_BIT_CONVERSION = YES;
				GCC_WARN_ABOUT_RETURN_TYPE = YES_ERROR;
				GCC_WARN_UNDECLARED_SELECTOR = YES;
				GCC_WARN_UNINITIALIZED_AUTOS = YES_AGGRESSIVE;
				GCC_WARN_UNUSED_FUNCTION = YES;
				GCC_WARN_UNUSED_VARIABLE = YES;
				MACOSX_DEPLOYMENT_TARGET = 10.13;
				MTL_ENABLE_DEBUG_INFO = NO;
				SDKROOT = macosx;
				SWIFT_OPTIMIZATION_LEVEL = "-Owholemodule";
				VERSIONING_SYSTEM = "apple-generic";
				VERSION_INFO_PREFIX = "";
			};
			name = Release;
		};
		693A35971FC69B47007FDE26 /* Debug */ = {
			isa = XCBuildConfiguration;
			buildSettings = {
				CLANG_ENABLE_MODULES = YES;
				CODE_SIGN_IDENTITY = "";
				CODE_SIGN_STYLE = Automatic;
				COMBINE_HIDPI_IMAGES = YES;
				DEFINES_MODULE = YES;
				DEVELOPMENT_TEAM = 745WQDK4L7;
				DYLIB_COMPATIBILITY_VERSION = 1;
				DYLIB_CURRENT_VERSION = 1;
				DYLIB_INSTALL_NAME_BASE = "@rpath";
				FRAMEWORK_SEARCH_PATHS = (
					"$(inherited)",
					"$(PROJECT_DIR)/Carthage/Build/Mac",
				);
				FRAMEWORK_VERSION = A;
				INFOPLIST_FILE = XRuler/Info.plist;
				INSTALL_PATH = "$(LOCAL_LIBRARY_DIR)/Frameworks";
				LD_RUNPATH_SEARCH_PATHS = "$(inherited) @executable_path/../Frameworks @loader_path/Frameworks";
				MACOSX_DEPLOYMENT_TARGET = 10.13;
				PRODUCT_BUNDLE_IDENTIFIER = com.yarshure.XRuler;
				PRODUCT_NAME = "$(TARGET_NAME:c99extidentifier)";
				SKIP_INSTALL = YES;
				SWIFT_OPTIMIZATION_LEVEL = "-Onone";
				SWIFT_VERSION = 4.0;
			};
			name = Debug;
		};
		693A35981FC69B47007FDE26 /* Release */ = {
			isa = XCBuildConfiguration;
			buildSettings = {
				CLANG_ENABLE_MODULES = YES;
				CODE_SIGN_IDENTITY = "";
				CODE_SIGN_STYLE = Automatic;
				COMBINE_HIDPI_IMAGES = YES;
				DEFINES_MODULE = YES;
				DEVELOPMENT_TEAM = 745WQDK4L7;
				DYLIB_COMPATIBILITY_VERSION = 1;
				DYLIB_CURRENT_VERSION = 1;
				DYLIB_INSTALL_NAME_BASE = "@rpath";
				FRAMEWORK_SEARCH_PATHS = (
					"$(inherited)",
					"$(PROJECT_DIR)/Carthage/Build/Mac",
				);
				FRAMEWORK_VERSION = A;
				INFOPLIST_FILE = XRuler/Info.plist;
				INSTALL_PATH = "$(LOCAL_LIBRARY_DIR)/Frameworks";
				LD_RUNPATH_SEARCH_PATHS = "$(inherited) @executable_path/../Frameworks @loader_path/Frameworks";
				MACOSX_DEPLOYMENT_TARGET = 10.13;
				PRODUCT_BUNDLE_IDENTIFIER = com.yarshure.XRuler;
				PRODUCT_NAME = "$(TARGET_NAME:c99extidentifier)";
				SKIP_INSTALL = YES;
				SWIFT_VERSION = 4.0;
			};
			name = Release;
		};
/* End XCBuildConfiguration section */

/* Begin XCConfigurationList section */
		6913C3D71FE0BF16006483C1 /* Build configuration list for PBXNativeTarget "macTest" */ = {
			isa = XCConfigurationList;
			buildConfigurations = (
				6913C3D51FE0BF16006483C1 /* Debug */,
				6913C3D61FE0BF16006483C1 /* Release */,
			);
			defaultConfigurationIsVisible = 0;
			defaultConfigurationName = Release;
		};
		693A35881FC69B47007FDE26 /* Build configuration list for PBXProject "XRuler" */ = {
			isa = XCConfigurationList;
			buildConfigurations = (
				693A35941FC69B47007FDE26 /* Debug */,
				693A35951FC69B47007FDE26 /* Release */,
			);
			defaultConfigurationIsVisible = 0;
			defaultConfigurationName = Release;
		};
		693A35961FC69B47007FDE26 /* Build configuration list for PBXNativeTarget "XRuler" */ = {
			isa = XCConfigurationList;
			buildConfigurations = (
				693A35971FC69B47007FDE26 /* Debug */,
				693A35981FC69B47007FDE26 /* Release */,
			);
			defaultConfigurationIsVisible = 0;
			defaultConfigurationName = Release;
		};
/* End XCConfigurationList section */
	};
	rootObject = 693A35851FC69B47007FDE26 /* Project object */;
}
